Microsoft Visual Studio Solution File, Format Version 12.00
# Visual Studio Version 17
VisualStudioVersion = 17.5.2.0
MinimumVisualStudioVersion = 10.0.40219.1
Project("{FAE04EC0-301F-11D3-BF4B-00C04F79EFBC}") = "rhino-zmq-poc", "rhino-zmq-poc.csproj", "{07A0FD40-6E1C-169D-A33C-BD8292BE7337}"
EndProject
Project("{FAE04EC0-301F-11D3-BF4B-00C04F79EFBC}") = "Hopper.Backend", "Hopper.Backend\Hopper.Backend.csproj", "{5D9C8B64-BC7C-44A4-BC55-3156066EAF50}"
EndProject
Project("{FAE04EC0-301F-11D3-BF4B-00C04F79EFBC}") = "Hopper.Rhino", "Hopper.Rhino\Hopper.Rhino.csproj", "{9B3C31F7-221B-48E3-8CD0-F2386D851DA0}"
EndProject
Project("{FAE04EC0-301F-11D3-BF4B-00C04F79EFBC}") = "Hopper.Core", "..\dotnet\Hopper.Core\Hopper.Core.csproj", "{377C0649-04FA-415C-95BD-40D40BBFEAD6}"
EndProject
Project("{FAE04EC0-301F-11D3-BF4B-00C04F79EFBC}") = "Hopper.Core.Tests", "..\dotnet\Hopper.Core.Tests\Hopper.Core.Tests.csproj", "{87BBB4F7-18B2-4553-86E2-FA330BAA95F6}"
EndProject
Global
	GlobalSection(SolutionConfigurationPlatforms) = preSolution
		Debug|Any CPU = Debug|Any CPU
		Release|Any CPU = Release|Any CPU
	EndGlobalSection
	GlobalSection(ProjectConfigurationPlatforms) = postSolution
		{07A0FD40-6E1C-169D-A33C-BD8292BE7337}.Debug|Any CPU.ActiveCfg = Debug|Any CPU
		{07A0FD40-6E1C-169D-A33C-BD8292BE7337}.Debug|Any CPU.Build.0 = Debug|Any CPU
		{07A0FD40-6E1C-169D-A33C-BD8292BE7337}.Release|Any CPU.ActiveCfg = Release|Any CPU
		{07A0FD40-6E1C-169D-A33C-BD8292BE7337}.Release|Any CPU.Build.0 = Release|Any CPU
		{5D9C8B64-BC7C-44A4-BC55-3156066EAF50}.Debug|Any CPU.ActiveCfg = Debug|Any CPU
		{5D9C8B64-BC7C-44A4-BC55-3156066EAF50}.Debug|Any CPU.Build.0 = Debug|Any CPU
		{5D9C8B64-BC7C-44A4-BC55-3156066EAF50}.Release|Any CPU.ActiveCfg = Release|Any CPU
		{5D9C8B64-BC7C-44A4-BC55-3156066EAF50}.Release|Any CPU.Build.0 = Release|Any CPU
		{9B3C31F7-221B-48E3-8CD0-F2386D851DA0}.Debug|Any CPU.ActiveCfg = Debug|Any CPU
		{9B3C31F7-221B-48E3-8CD0-F2386D851DA0}.Debug|Any CPU.Build.0 = Debug|Any CPU
		{9B3C31F7-221B-48E3-8CD0-F2386D851DA0}.Release|Any CPU.ActiveCfg = Release|Any CPU
		{9B3C31F7-221B-48E3-8CD0-F2386D851DA0}.Release|Any CPU.Build.0 = Release|Any CPU
		{377C0649-04FA-415C-95BD-40D40BBFEAD6}.Debug|Any CPU.ActiveCfg = Debug|Any CPU
		{377C0649-04FA-415C-95BD-40D40BBFEAD6}.Debug|Any CPU.Build.0 = Debug|Any CPU
		{377C0649-04FA-415C-95BD-40D40BBFEAD6}.Release|Any CPU.ActiveCfg = Release|Any CPU
		{377C0649-04FA-415C-95BD-40D40BBFEAD6}.Release|Any CPU.Build.0 = Release|Any CPU
		{87BBB4F7-18B2-4553-86E2-FA330BAA95F6}.Debug|Any CPU.ActiveCfg = Debug|Any CPU
		{87BBB4F7-18B2-4553-86E2-FA330BAA95F6}.Debug|Any CPU.Build.0 = Debug|Any CPU
		{87BBB4F7-18B2-4553-86E2-FA330BAA95F6}.Release|Any CPU.ActiveCfg = Release|Any CPU
		{87BBB4F7-18B2-4553-86E2-FA330BAA95F6}.Release|Any CPU.Build.0 = Release|Any CPU
	EndGlobalSection
	GlobalSection(SolutionProperties) = preSolution
		HideSolutionNode = FALSE
	EndGlobalSection
	GlobalSection(ExtensibilityGlobals) = postSolution
		SolutionGuid = {19B4DBE6-0CC1-44E7-B886-F2B3246F177D}
	EndGlobalSection
EndGlobal
